{
  "nodes": {
    "acremote": {
      "inputs": {
        "flake-utils": "flake-utils",
        "nixpkgs": "nixpkgs"
      },
      "locked": {
        "lastModified": 1661846874,
        "narHash": "sha256-aL/uOV+QnnGXx5N/lh5MVWyRU/v5O+Qt7gbRU+TnSIA=",
        "owner": "highsunz",
        "repo": "acremote",
        "rev": "ae7dcb82a15476fdfa951b554df8686eb8c6e051",
        "type": "gitlab"
      },
      "original": {
        "owner": "highsunz",
        "repo": "acremote",
        "type": "gitlab"
      }
    },
    "canopus": {
      "inputs": {
        "flake-utils": [
          "nickcao",
          "flake-utils"
        ],
        "nixpkgs": [
          "nickcao",
          "nixpkgs"
        ]
      },
      "locked": {
        "lastModified": 1653998232,
        "narHash": "sha256-l5iOE2i0MQGbo19Re+kHujncU7o3L487o4DJt8Nub/k=",
        "owner": "NickCao",
        "repo": "canopus",
        "rev": "058f8326893848cdbd73fcdc0cd38fcc42297c2b",
        "type": "github"
      },
      "original": {
        "owner": "NickCao",
        "repo": "canopus",
        "type": "github"
      }
    },
    "carinae": {
      "inputs": {
        "flake-utils": "flake-utils_2",
        "nixpkgs": "nixpkgs_2"
      },
      "locked": {
        "lastModified": 1656398925,
        "narHash": "sha256-PDIIFfASqDUoq/BGTtNsy+WMarpVab6eWVD7Ox3DdDQ=",
        "owner": "NickCao",
        "repo": "carinae",
        "rev": "7a2d319d4db2bbf2f308cc7edfcfac10e0da866b",
        "type": "github"
      },
      "original": {
        "owner": "NickCao",
        "repo": "carinae",
        "type": "github"
      }
    },
    "carinae_2": {
      "inputs": {
        "flake-utils": [
          "nickcao",
          "flake-utils"
        ],
        "nixpkgs": [
          "nickcao",
          "nixpkgs"
        ]
      },
      "locked": {
        "lastModified": 1656398925,
        "narHash": "sha256-PDIIFfASqDUoq/BGTtNsy+WMarpVab6eWVD7Ox3DdDQ=",
        "owner": "NickCao",
        "repo": "carinae",
        "rev": "7a2d319d4db2bbf2f308cc7edfcfac10e0da866b",
        "type": "github"
      },
      "original": {
        "owner": "NickCao",
        "repo": "carinae",
        "type": "github"
      }
    },
    "dns": {
      "inputs": {
        "flake-utils": [
          "nickcao",
          "flake-utils"
        ],
        "nixpkgs": [
          "nickcao",
          "nixpkgs"
        ]
      },
      "locked": {
        "lastModified": 1657004964,
        "narHash": "sha256-hZyLOYZn6fzJd8ubMqLF4T+mGAT88MSkGsM5bgr3pB8=",
        "owner": "NickCao",
        "repo": "dns.nix",
        "rev": "097375727ee958c9a764370011ca7b2850e52421",
        "type": "github"
      },
      "original": {
        "owner": "NickCao",
        "repo": "dns.nix",
        "type": "github"
      }
    },
    "flake-utils": {
      "locked": {
        "lastModified": 1659877975,
        "narHash": "sha256-zllb8aq3YO3h8B/U0/J1WBgAL8EX5yWf5pMj3G0NAmc=",
        "owner": "numtide",
        "repo": "flake-utils",
        "rev": "c0e246b9b83f637f4681389ecabcb2681b4f3af0",
        "type": "github"
      },
      "original": {
        "owner": "numtide",
        "repo": "flake-utils",
        "type": "github"
      }
    },
    "flake-utils_2": {
      "locked": {
        "lastModified": 1656065134,
        "narHash": "sha256-oc6E6ByIw3oJaIyc67maaFcnjYOz1mMcOtHxbEf9NwQ=",
        "owner": "numtide",
        "repo": "flake-utils",
        "rev": "bee6a7250dd1b01844a2de7e02e4df7d8a0a206c",
        "type": "github"
      },
      "original": {
        "owner": "numtide",
        "repo": "flake-utils",
        "type": "github"
      }
    },
    "flake-utils_3": {
      "locked": {
        "lastModified": 1659877975,
        "narHash": "sha256-zllb8aq3YO3h8B/U0/J1WBgAL8EX5yWf5pMj3G0NAmc=",
        "owner": "numtide",
        "repo": "flake-utils",
        "rev": "c0e246b9b83f637f4681389ecabcb2681b4f3af0",
        "type": "github"
      },
      "original": {
        "owner": "numtide",
        "repo": "flake-utils",
        "type": "github"
      }
    },
    "flake-utils_4": {
      "locked": {
        "lastModified": 1659877975,
        "narHash": "sha256-zllb8aq3YO3h8B/U0/J1WBgAL8EX5yWf5pMj3G0NAmc=",
        "owner": "numtide",
        "repo": "flake-utils",
        "rev": "c0e246b9b83f637f4681389ecabcb2681b4f3af0",
        "type": "github"
      },
      "original": {
        "owner": "numtide",
        "repo": "flake-utils",
        "type": "github"
      }
    },
    "flake-utils_5": {
      "locked": {
        "lastModified": 1659877975,
        "narHash": "sha256-zllb8aq3YO3h8B/U0/J1WBgAL8EX5yWf5pMj3G0NAmc=",
        "owner": "numtide",
        "repo": "flake-utils",
        "rev": "c0e246b9b83f637f4681389ecabcb2681b4f3af0",
        "type": "github"
      },
      "original": {
        "owner": "numtide",
        "repo": "flake-utils",
        "type": "github"
      }
    },
    "flake-utils_6": {
      "locked": {
        "lastModified": 1659877975,
        "narHash": "sha256-zllb8aq3YO3h8B/U0/J1WBgAL8EX5yWf5pMj3G0NAmc=",
        "owner": "numtide",
        "repo": "flake-utils",
        "rev": "c0e246b9b83f637f4681389ecabcb2681b4f3af0",
        "type": "github"
      },
      "original": {
        "owner": "numtide",
        "repo": "flake-utils",
        "type": "github"
      }
    },
    "flake-utils_7": {
      "locked": {
        "lastModified": 1638122382,
        "narHash": "sha256-sQzZzAbvKEqN9s0bzWuYmRaA03v40gaJ4+iL1LXjaeI=",
        "owner": "numtide",
        "repo": "flake-utils",
        "rev": "74f7e4319258e287b0f9cb95426c9853b282730b",
        "type": "github"
      },
      "original": {
        "owner": "numtide",
        "repo": "flake-utils",
        "type": "github"
      }
    },
    "flake-utils_8": {
      "locked": {
        "lastModified": 1614513358,
        "narHash": "sha256-LakhOx3S1dRjnh0b5Dg3mbZyH0ToC9I8Y2wKSkBaTzU=",
        "owner": "numtide",
        "repo": "flake-utils",
        "rev": "5466c5bbece17adaab2d82fae80b46e807611bf3",
        "type": "github"
      },
      "original": {
        "owner": "numtide",
        "repo": "flake-utils",
        "type": "github"
      }
    },
    "fn": {
      "inputs": {
        "flake-utils": [
          "nickcao",
          "flake-utils"
        ],
        "nixpkgs": [
          "nickcao",
          "nixpkgs"
        ]
      },
      "locked": {
        "lastModified": 1662977797,
        "narHash": "sha256-MlDwT3ypGMGICHbooIwmV8WuaWYjm0mwlqi917033M8=",
        "owner": "NickCao",
        "repo": "fn",
        "rev": "2b4b27779cea4ae9c48ac5bed8c965bfdb96229e",
        "type": "gitlab"
      },
      "original": {
        "owner": "NickCao",
        "repo": "fn",
        "type": "gitlab"
      }
    },
    "home-manager": {
      "inputs": {
        "nixpkgs": [
          "nixpkgs"
        ],
        "utils": "utils"
      },
      "locked": {
        "lastModified": 1663629861,
        "narHash": "sha256-CjfQUyPfG/hkE4jnMcTvVJ0ubc84u8ySruZL+emXMjw=",
        "owner": "nix-community",
        "repo": "home-manager",
        "rev": "41790ba656bafc023f48ccdbbe7816d30fd52d76",
        "type": "github"
      },
      "original": {
        "owner": "nix-community",
        "repo": "home-manager",
        "type": "github"
      }
    },
    "home-manager_2": {
      "inputs": {
        "nixpkgs": [
          "nickcao",
          "nixpkgs"
        ],
        "utils": [
          "nickcao",
          "flake-utils"
        ]
      },
      "locked": {
        "lastModified": 1663629861,
        "narHash": "sha256-CjfQUyPfG/hkE4jnMcTvVJ0ubc84u8ySruZL+emXMjw=",
        "owner": "nix-community",
        "repo": "home-manager",
        "rev": "41790ba656bafc023f48ccdbbe7816d30fd52d76",
        "type": "github"
      },
      "original": {
        "owner": "nix-community",
        "repo": "home-manager",
        "type": "github"
      }
    },
    "impermanence": {
      "locked": {
        "lastModified": 1661933071,
        "narHash": "sha256-RFgfzldpbCvS+H2qwH+EvNejvqs+NhPVD5j1I7HQQPY=",
        "owner": "nix-community",
        "repo": "impermanence",
        "rev": "def994adbdfc28974e87b0e4c949e776207d5557",
        "type": "github"
      },
      "original": {
        "owner": "nix-community",
        "repo": "impermanence",
        "type": "github"
      }
    },
    "knot-sys": {
      "inputs": {
        "flake-utils": [
          "nickcao",
          "flake-utils"
        ],
        "nixpkgs": [
          "nickcao",
          "nixpkgs"
        ]
      },
      "locked": {
        "lastModified": 1661256153,
        "narHash": "sha256-DrDRRycjqTLgvLvYCwoL78dUzreGI4Csp2jRg2QaNxw=",
        "owner": "NickCao",
        "repo": "knot-sys",
        "rev": "a5f84c6c4404841be31fd026ea712f7c783db5d7",
        "type": "github"
      },
      "original": {
        "owner": "NickCao",
        "repo": "knot-sys",
        "type": "github"
      }
    },
    "nbfc-linux": {
      "inputs": {
        "nixpkgs": [
          "nixpkgs"
        ],
        "utils": "utils_2"
      },
      "locked": {
        "lastModified": 1663533210,
        "narHash": "sha256-it24pt41yHYhcpfqnEaws7utoNxFFrH/HwBCD/9omkY=",
        "owner": "nbfc-linux",
        "repo": "nbfc-linux",
        "rev": "0396c35b2afc02a705bb53c2fadb7b4f54915d97",
        "type": "github"
      },
      "original": {
        "owner": "nbfc-linux",
        "repo": "nbfc-linux",
        "type": "github"
      }
    },
    "neovim": {
      "inputs": {
        "flake-utils": "flake-utils_4",
        "nixpkgs": [
          "nixpkgs"
        ]
      },
      "locked": {
        "dir": "contrib",
        "lastModified": 1663729599,
        "narHash": "sha256-G0XDKMKDcBiVjPa+jJ6SIy+KezZVbynUJSetzqUXdl8=",
        "owner": "neovim",
        "repo": "neovim",
        "rev": "37a71d1f28e5d7fd13f0ede69b4d2558157a9e4b",
        "type": "github"
      },
      "original": {
        "dir": "contrib",
        "owner": "neovim",
        "repo": "neovim",
        "type": "github"
      }
    },
    "nickcao": {
      "inputs": {
        "canopus": "canopus",
        "carinae": "carinae_2",
        "dns": "dns",
        "flake-utils": "flake-utils_5",
        "fn": "fn",
        "home-manager": "home-manager_2",
        "impermanence": "impermanence",
        "knot-sys": "knot-sys",
        "nixpkgs": [
          "nixpkgs"
        ],
        "ranet": "ranet",
        "resign": "resign",
        "sops-nix": "sops-nix",
        "terrasops": "terrasops"
      },
      "locked": {
        "lastModified": 1663737446,
        "narHash": "sha256-8leX3XcHWaG4hOgjza5i26rsxbwr+BBJ7Nwzlp/ebOg=",
        "owner": "NickCao",
        "repo": "flakes",
        "rev": "f8da018993b89277e74fe4785cd801c94b576caf",
        "type": "github"
      },
      "original": {
        "owner": "NickCao",
        "repo": "flakes",
        "type": "github"
      }
    },
    "nix-std": {
      "locked": {
        "lastModified": 1658944356,
        "narHash": "sha256-+nBrRSPsDIjrmLfLdiB/a22Gj4bhEF53ubWN0z33NJo=",
        "owner": "chessai",
        "repo": "nix-std",
        "rev": "9500903a19ef2720469578de0e10ce9e66623bdf",
        "type": "github"
      },
      "original": {
        "owner": "chessai",
        "repo": "nix-std",
        "type": "github"
      }
    },
    "nixgl": {
      "inputs": {
        "flake-utils": "flake-utils_6",
        "nixpkgs": [
          "nixpkgs"
        ]
      },
      "locked": {
        "lastModified": 1661367362,
        "narHash": "sha256-Qc8MXcV+YCPREu8kk6oggk23ZBKLqeQRAIsLbHEviPE=",
        "owner": "guibou",
        "repo": "nixGL",
        "rev": "7165ffbccbd2cf4379b6cd6d2edd1620a427e5ae",
        "type": "github"
      },
      "original": {
        "owner": "guibou",
        "repo": "nixGL",
        "type": "github"
      }
    },
    "nixlib": {
      "locked": {
        "lastModified": 1636849918,
        "narHash": "sha256-nzUK6dPcTmNVrgTAC1EOybSMsrcx+QrVPyqRdyKLkjA=",
        "owner": "nix-community",
        "repo": "nixpkgs.lib",
        "rev": "28a5b0557f14124608db68d3ee1f77e9329e9dd5",
        "type": "github"
      },
      "original": {
        "owner": "nix-community",
        "repo": "nixpkgs.lib",
        "type": "github"
      }
    },
    "nixos-cn": {
      "inputs": {
        "flake-utils": "flake-utils_7",
        "nixpkgs": [
          "nixpkgs"
        ]
      },
      "locked": {
        "lastModified": 1663728277,
        "narHash": "sha256-UZ4omlMG/I/dr/XJK30bk9J14bzwe9OA90aTemBcOvU=",
        "owner": "nixos-cn",
        "repo": "flakes",
        "rev": "59df76773ab05090228d8513518d4ca163e0a114",
        "type": "github"
      },
      "original": {
        "owner": "nixos-cn",
        "repo": "flakes",
        "type": "github"
      }
    },
    "nixos-generators": {
      "inputs": {
        "nixlib": "nixlib",
        "nixpkgs": "nixpkgs_3"
      },
      "locked": {
        "lastModified": 1660727616,
        "narHash": "sha256-zYTIvdPMYMx/EYqXODAwIIU30RiEHqNHdgarIHuEYZc=",
        "owner": "nix-community",
        "repo": "nixos-generators",
        "rev": "adccd191a0e83039d537e021f19495b7bad546a1",
        "type": "github"
      },
      "original": {
        "owner": "nix-community",
        "repo": "nixos-generators",
        "type": "github"
      }
    },
    "nixpkgs": {
      "locked": {
        "lastModified": 1661846789,
        "narHash": "sha256-gpizELTzMLw/UislEW9rp4B5ZLcgHkQbkqoxCoDZurc=",
        "owner": "NixOS",
        "repo": "nixpkgs",
        "rev": "1cc8a7ba8844f68a646da509a3976b52f406a28c",
        "type": "github"
      },
      "original": {
        "owner": "NixOS",
        "repo": "nixpkgs",
        "type": "github"
      }
    },
    "nixpkgs-22_05": {
      "locked": {
        "lastModified": 1663433994,
        "narHash": "sha256-Bpthhv1PdZRrIFct8KbHACNvOu9bsYAMEaqoH83cvqM=",
        "owner": "NixOS",
        "repo": "nixpkgs",
        "rev": "17989edb05615c4f61803b9c427d80b84c289c6b",
        "type": "github"
      },
      "original": {
        "owner": "NixOS",
        "ref": "release-22.05",
        "repo": "nixpkgs",
        "type": "github"
      }
    },
    "nixpkgs-22_05_2": {
      "locked": {
        "lastModified": 1663433994,
        "narHash": "sha256-Bpthhv1PdZRrIFct8KbHACNvOu9bsYAMEaqoH83cvqM=",
        "owner": "NixOS",
        "repo": "nixpkgs",
        "rev": "17989edb05615c4f61803b9c427d80b84c289c6b",
        "type": "github"
      },
      "original": {
        "owner": "NixOS",
        "ref": "release-22.05",
        "repo": "nixpkgs",
        "type": "github"
      }
    },
    "nixpkgs-difftastic-terminal-width-fix": {
      "locked": {
        "lastModified": 1662172318,
        "narHash": "sha256-Y2l2z8xOlXxUTwagcqzHEjTe4T/PhjMDXgwktNHCxrg=",
        "owner": "NixOS",
        "repo": "nixpkgs",
        "rev": "f9b34059ff47056e87c67a2e2693b3f9bc1392cc",
        "type": "github"
      },
      "original": {
        "owner": "NixOS",
        "ref": "pull/189540/head",
        "repo": "nixpkgs",
        "type": "github"
      }
    },
    "nixpkgs_2": {
      "locked": {
        "lastModified": 1656382846,
        "narHash": "sha256-NZExk5FpDyhnJmXuJlAyh/fkKgx4HIhz7GB1FitCkyU=",
        "owner": "NickCao",
        "repo": "nixpkgs",
        "rev": "94e7a13958d96ab403ddf2f29385da9d60695c20",
        "type": "github"
      },
      "original": {
        "owner": "NickCao",
        "ref": "nixos-unstable-small",
        "repo": "nixpkgs",
        "type": "github"
      }
    },
    "nixpkgs_3": {
      "locked": {
        "lastModified": 1637186689,
        "narHash": "sha256-NU7BhgnwA/3ibmCeSzFK6xGi+Bari9mPfn+4cBmyEjw=",
        "owner": "NixOS",
        "repo": "nixpkgs",
        "rev": "7fad01d9d5a3f82081c00fb57918d64145dc904c",
        "type": "github"
      },
      "original": {
        "owner": "NixOS",
        "ref": "nixpkgs-unstable",
        "repo": "nixpkgs",
        "type": "github"
      }
    },
    "nixpkgs_4": {
      "locked": {
        "lastModified": 1663729508,
        "narHash": "sha256-Is6LEujPbMH6F4b8TfIr0BmqW6mUIaxZO1RnGduczAo=",
        "owner": "NixOS",
        "repo": "nixpkgs",
        "rev": "490f918fe65e5f53c48e509582f489e1e2d522e7",
        "type": "github"
      },
      "original": {
        "owner": "NixOS",
        "ref": "nixos-unstable-small",
        "repo": "nixpkgs",
        "type": "github"
      }
    },
    "ranet": {
      "inputs": {
        "flake-utils": [
          "nickcao",
          "flake-utils"
        ],
        "nixpkgs": [
          "nickcao",
          "nixpkgs"
        ]
      },
      "locked": {
        "lastModified": 1659438818,
        "narHash": "sha256-Nb5qZNH0pDnDWeGmfUEmhOyNea6Xw0olco/ozVpMfAM=",
        "owner": "SCP-2000",
        "repo": "ranet",
        "rev": "248b82ee9e6d2929ec2d704c9579f11d78765ff6",
        "type": "github"
      },
      "original": {
        "owner": "SCP-2000",
        "repo": "ranet",
        "type": "github"
      }
    },
    "resign": {
      "inputs": {
        "flake-utils": [
          "nickcao",
          "flake-utils"
        ],
        "nixpkgs": [
          "nickcao",
          "nixpkgs"
        ]
      },
      "locked": {
        "lastModified": 1661950590,
        "narHash": "sha256-3hP1k+7EWTuybrvBQSOT2Z4+pW7c4xnBMtdYC/S9LDM=",
        "owner": "NickCao",
        "repo": "resign",
        "rev": "b9cf6b6e83bcf31c7abec73380070d318897c010",
        "type": "github"
      },
      "original": {
        "owner": "NickCao",
        "repo": "resign",
        "type": "github"
      }
    },
    "root": {
      "inputs": {
        "acremote": "acremote",
        "carinae": "carinae",
        "flake-utils": "flake-utils_3",
        "home-manager": "home-manager",
        "nbfc-linux": "nbfc-linux",
        "neovim": "neovim",
        "nickcao": "nickcao",
        "nix-std": "nix-std",
        "nixgl": "nixgl",
        "nixos-cn": "nixos-cn",
        "nixos-generators": "nixos-generators",
        "nixpkgs": "nixpkgs_4",
        "nixpkgs-difftastic-terminal-width-fix": "nixpkgs-difftastic-terminal-width-fix",
        "sops-nix": "sops-nix_2",
        "tex2nix": "tex2nix"
      }
    },
    "sops-nix": {
      "inputs": {
        "nixpkgs": [
          "nickcao",
          "nixpkgs"
        ],
        "nixpkgs-22_05": "nixpkgs-22_05"
      },
      "locked": {
        "lastModified": 1663475375,
        "narHash": "sha256-uIhMyLFkU8Tp0uxLd7tKn++G/yHsB9r7YRvsBdoGvsk=",
        "owner": "Mic92",
        "repo": "sops-nix",
        "rev": "bae718a9d1e31ec478ddfcb75149f66e9625a825",
        "type": "github"
      },
      "original": {
        "owner": "Mic92",
        "repo": "sops-nix",
        "type": "github"
      }
    },
    "sops-nix_2": {
      "inputs": {
        "nixpkgs": [
          "nixpkgs"
        ],
        "nixpkgs-22_05": "nixpkgs-22_05_2"
      },
      "locked": {
        "lastModified": 1663475375,
        "narHash": "sha256-uIhMyLFkU8Tp0uxLd7tKn++G/yHsB9r7YRvsBdoGvsk=",
        "owner": "Mic92",
        "repo": "sops-nix",
        "rev": "bae718a9d1e31ec478ddfcb75149f66e9625a825",
        "type": "github"
      },
      "original": {
        "owner": "Mic92",
        "repo": "sops-nix",
        "type": "github"
      }
    },
    "terrasops": {
      "inputs": {
        "flake-utils": [
          "nickcao",
          "flake-utils"
        ],
        "nixpkgs": [
          "nickcao",
          "nixpkgs"
        ]
      },
      "locked": {
        "lastModified": 1662712380,
        "narHash": "sha256-RQp708VcJlPOcP7mjuTLsgtgANre+oY+9BbvshePCc0=",
        "owner": "NickCao",
        "repo": "terrasops",
        "rev": "289ca942dac63895c68c05c028b46c5e4adb64c3",
        "type": "github"
      },
      "original": {
        "owner": "NickCao",
        "repo": "terrasops",
        "type": "github"
      }
    },
    "tex2nix": {
      "inputs": {
        "flake-utils": "flake-utils_8",
        "nixpkgs": [
          "nixpkgs"
        ]
      },
      "locked": {
        "lastModified": 1646670117,
        "narHash": "sha256-fU6gLOP2xm6lTRKfMKeXAm7rEhYAVR4RcRFK1zh/QTM=",
        "owner": "Mic92",
        "repo": "tex2nix",
        "rev": "74159694f0c27ffa3f9172c6d691635568fbece4",
        "type": "github"
      },
      "original": {
        "owner": "Mic92",
        "repo": "tex2nix",
        "type": "github"
      }
    },
    "utils": {
      "locked": {
        "lastModified": 1659877975,
        "narHash": "sha256-zllb8aq3YO3h8B/U0/J1WBgAL8EX5yWf5pMj3G0NAmc=",
        "owner": "numtide",
        "repo": "flake-utils",
        "rev": "c0e246b9b83f637f4681389ecabcb2681b4f3af0",
        "type": "github"
      },
      "original": {
        "owner": "numtide",
        "repo": "flake-utils",
        "type": "github"
      }
    },
    "utils_2": {
      "locked": {
        "lastModified": 1623875721,
        "narHash": "sha256-A8BU7bjS5GirpAUv4QA+QnJ4CceLHkcXdRp4xITDB0s=",
        "owner": "numtide",
        "repo": "flake-utils",
        "rev": "f7e004a55b120c02ecb6219596820fcd32ca8772",
        "type": "github"
      },
      "original": {
        "owner": "numtide",
        "repo": "flake-utils",
        "type": "github"
      }
    }
  },
  "root": "root",
  "version": 7
}
