{
  "nodes": {
    "acremote": {
      "inputs": {
        "flake-utils": [
          "flake-utils"
        ],
        "nixpkgs": [
          "nixpkgs"
        ]
      },
      "locked": {
        "lastModified": 1677427497,
        "narHash": "sha256-us9Sl9CtHaWpAvRyog+nzzK+klECMslLeABv32sNg7k=",
        "owner": "highsunz",
        "repo": "acremote",
        "rev": "09493ffea29a178a857084f2a11225522332b2df",
        "type": "gitlab"
      },
      "original": {
        "owner": "highsunz",
        "repo": "acremote",
        "type": "gitlab"
      }
    },
    "adrivems": {
      "inputs": {
        "flake-utils": [
          "flake-utils"
        ],
        "nixpkgs": [
          "nixpkgs"
        ]
      },
      "locked": {
        "lastModified": 1678878439,
        "narHash": "sha256-lPhTiI+x+Tb4uc/AtsVLPeS5yBhuQHDtaJEdaqKATBE=",
        "owner": "highsunz",
        "repo": "aliyundrive-mediaserver",
        "rev": "beecc49f36d547c340a281ee9ed297ecc9993dde",
        "type": "gitlab"
      },
      "original": {
        "owner": "highsunz",
        "repo": "aliyundrive-mediaserver",
        "type": "gitlab"
      }
    },
    "carinae": {
      "inputs": {
        "flake-utils": [
          "flake-utils"
        ],
        "nixpkgs": [
          "nixpkgs"
        ]
      },
      "locked": {
        "lastModified": 1685883648,
        "narHash": "sha256-yuMdXDGRDbviKxm+3ZOi7kcqBRBQOMPOI0v8fhrSLkk=",
        "owner": "NickCao",
        "repo": "carinae",
        "rev": "2f725b469915fa4a5a43eb27062276c814167edb",
        "type": "github"
      },
      "original": {
        "owner": "NickCao",
        "repo": "carinae",
        "type": "github"
      }
    },
    "cli2b": {
      "inputs": {
        "flake-utils": [
          "hypr-msg-handler",
          "flake-utils"
        ],
        "nixpkgs": [
          "hypr-msg-handler",
          "nixpkgs"
        ]
      },
      "locked": {
        "lastModified": 1674292202,
        "narHash": "sha256-/OguMAPJX9IFyFC9F4ei7G2ay517CS/Vxv5+O21uAPs=",
        "owner": "highsunz",
        "repo": "cli2b",
        "rev": "fed59f4279157e5508fef06c34b1f0c3e5c98cdb",
        "type": "gitlab"
      },
      "original": {
        "owner": "highsunz",
        "repo": "cli2b",
        "type": "gitlab"
      }
    },
    "colmena": {
      "inputs": {
        "flake-compat": "flake-compat",
        "flake-utils": [
          "flake-utils"
        ],
        "nixpkgs": [
          "nixpkgs"
        ],
        "stable": [
          "nixpkgs"
        ]
      },
      "locked": {
        "lastModified": 1688224393,
        "narHash": "sha256-rsAvFNhRFzTF7qyb6WprLFghJnRxMFjvD2e5/dqMp4I=",
        "owner": "zhaofengli",
        "repo": "colmena",
        "rev": "19384f3ee2058c56021e4465a3ec57e84a47d8dd",
        "type": "github"
      },
      "original": {
        "owner": "zhaofengli",
        "repo": "colmena",
        "type": "github"
      }
    },
    "dcompass": {
      "inputs": {
        "nixpkgs": [
          "nixpkgs"
        ],
        "rust-overlay": [
          "rust-overlay"
        ],
        "utils": [
          "flake-utils"
        ]
      },
      "locked": {
        "lastModified": 1687138261,
        "narHash": "sha256-wFM3GV41P0fCAJ9lkhcZYolPfOYpbIVK5gZS3k3hA8s=",
        "owner": "compassd",
        "repo": "dcompass",
        "rev": "6b645d6c2fc7b08872dd823d2a25eb8ceb0c37de",
        "type": "github"
      },
      "original": {
        "owner": "compassd",
        "repo": "dcompass",
        "type": "github"
      }
    },
    "flake-compat": {
      "flake": false,
      "locked": {
        "lastModified": 1650374568,
        "narHash": "sha256-Z+s0J8/r907g149rllvwhb4pKi8Wam5ij0st8PwAh+E=",
        "owner": "edolstra",
        "repo": "flake-compat",
        "rev": "b4a34015c698c7793d592d66adbab377907a2be8",
        "type": "github"
      },
      "original": {
        "owner": "edolstra",
        "repo": "flake-compat",
        "type": "github"
      }
    },
    "flake-compat_2": {
      "flake": false,
      "locked": {
        "lastModified": 1673956053,
        "narHash": "sha256-4gtG9iQuiKITOjNQQeQIpoIB6b16fm+504Ch3sNKLd8=",
        "owner": "edolstra",
        "repo": "flake-compat",
        "rev": "35bb57c0c8d8b62bbfd284272c928ceb64ddbde9",
        "type": "github"
      },
      "original": {
        "owner": "edolstra",
        "repo": "flake-compat",
        "type": "github"
      }
    },
    "flake-utils": {
      "inputs": {
        "systems": "systems"
      },
      "locked": {
        "lastModified": 1689068808,
        "narHash": "sha256-6ixXo3wt24N/melDWjq70UuHQLxGV8jZvooRanIHXw0=",
        "owner": "numtide",
        "repo": "flake-utils",
        "rev": "919d646de7be200f3bf08cb76ae1f09402b6f9b4",
        "type": "github"
      },
      "original": {
        "owner": "numtide",
        "repo": "flake-utils",
        "type": "github"
      }
    },
    "home-manager": {
      "inputs": {
        "nixpkgs": [
          "nixpkgs"
        ]
      },
      "locked": {
        "lastModified": 1689495092,
        "narHash": "sha256-yZu2j5FpLZEPhJQQutMCPTxa1VMigLPabLYvLTq6ASM=",
        "owner": "nix-community",
        "repo": "home-manager",
        "rev": "2f84579a70b8c74e5ebb37299a0c3ba279f09382",
        "type": "github"
      },
      "original": {
        "owner": "nix-community",
        "repo": "home-manager",
        "type": "github"
      }
    },
    "hypr-msg-handler": {
      "inputs": {
        "cli2b": "cli2b",
        "flake-utils": [
          "flake-utils"
        ],
        "nixpkgs": [
          "nixpkgs"
        ]
      },
      "locked": {
        "lastModified": 1677421616,
        "narHash": "sha256-e63ADbThs5qjb9YsE8EiCscgaYDMzRa85i01L9nHDuM=",
        "owner": "highsunz",
        "repo": "hypr-msg-handler",
        "rev": "d6d8d269a4c0fd7223a7db37deac5c25bd952921",
        "type": "gitlab"
      },
      "original": {
        "owner": "highsunz",
        "repo": "hypr-msg-handler",
        "type": "gitlab"
      }
    },
    "hyprland": {
      "inputs": {
        "hyprland-protocols": "hyprland-protocols",
        "nixpkgs": [
          "nixpkgs"
        ],
        "wlroots": "wlroots",
        "xdph": "xdph"
      },
      "locked": {
        "lastModified": 1689534066,
        "narHash": "sha256-DWVezSyYkDSnA0fFEcfTX5T719FzSMUF94nfyhYAxmw=",
        "ref": "refs/heads/main",
        "rev": "ddb8c897762d47a22867c77897c6e39513e36029",
        "revCount": 3073,
        "submodules": true,
        "type": "git",
        "url": "https://github.com/hyprwm/hyprland"
      },
      "original": {
        "submodules": true,
        "type": "git",
        "url": "https://github.com/hyprwm/hyprland"
      }
    },
    "hyprland-protocols": {
      "inputs": {
        "nixpkgs": [
          "hyprland",
          "nixpkgs"
        ]
      },
      "locked": {
        "lastModified": 1684265364,
        "narHash": "sha256-AxNnWbthsuNx73HDQr0eBxrcE3+yfl/WsaXZqUFmkpQ=",
        "owner": "hyprwm",
        "repo": "hyprland-protocols",
        "rev": "8c279b9fb0f2b031427dc5ef4eab53f2ed835530",
        "type": "github"
      },
      "original": {
        "owner": "hyprwm",
        "repo": "hyprland-protocols",
        "type": "github"
      }
    },
    "hyprpaper": {
      "inputs": {
        "nixpkgs": [
          "nixpkgs"
        ]
      },
      "locked": {
        "lastModified": 1689547456,
        "narHash": "sha256-jZQ377LqcazitvH2fVXKiL8kvmpGT3fuqev+yQqvuRw=",
        "owner": "hyprwm",
        "repo": "hyprpaper",
        "rev": "ac5f7b038d5ac589d32f5ae18f9745bfe5200618",
        "type": "github"
      },
      "original": {
        "owner": "hyprwm",
        "repo": "hyprpaper",
        "type": "github"
      }
    },
    "nix-index-db": {
      "inputs": {
        "nixpkgs": [
          "nixpkgs"
        ]
      },
      "locked": {
        "lastModified": 1689479461,
        "narHash": "sha256-Ak+PTYdmfOQEmcOsOEnrwqdP0HP20PLraRwpjSAzSeE=",
        "owner": "Mic92",
        "repo": "nix-index-database",
        "rev": "22fa44b7f14684d184733fb26a628f3878ff7aaf",
        "type": "github"
      },
      "original": {
        "owner": "Mic92",
        "repo": "nix-index-database",
        "type": "github"
      }
    },
    "nixgl": {
      "inputs": {
        "flake-utils": [
          "flake-utils"
        ],
        "nixpkgs": [
          "nixpkgs"
        ]
      },
      "locked": {
        "lastModified": 1685908677,
        "narHash": "sha256-E4zUPEUFyVWjVm45zICaHRpfGepfkE9Z2OECV9HXfA4=",
        "owner": "guibou",
        "repo": "nixGL",
        "rev": "489d6b095ab9d289fe11af0219a9ff00fe87c7c5",
        "type": "github"
      },
      "original": {
        "owner": "guibou",
        "repo": "nixGL",
        "type": "github"
      }
    },
    "nixlib": {
      "locked": {
        "lastModified": 1689469483,
        "narHash": "sha256-2SBhY7rZQ/iNCxe04Eqxlz9YK9KgbaTMBssq3/BgdWY=",
        "owner": "nix-community",
        "repo": "nixpkgs.lib",
        "rev": "02fea408f27186f139153e1ae88f8ab2abd9c22c",
        "type": "github"
      },
      "original": {
        "owner": "nix-community",
        "repo": "nixpkgs.lib",
        "type": "github"
      }
    },
    "nixos-generators": {
      "inputs": {
        "nixlib": "nixlib",
        "nixpkgs": [
          "nixpkgs"
        ]
      },
      "locked": {
        "lastModified": 1689558522,
        "narHash": "sha256-diNpqSRebzvT3P4fLX+40VWZbf2H2hraJDDdg5NJSj0=",
        "owner": "nix-community",
        "repo": "nixos-generators",
        "rev": "11c98929963a95ad3830960a9216d00e2f792502",
        "type": "github"
      },
      "original": {
        "owner": "nix-community",
        "repo": "nixos-generators",
        "type": "github"
      }
    },
    "nixpkgs": {
      "locked": {
        "lastModified": 1689587088,
        "narHash": "sha256-fgvosmfO1LvPXfwjnbDoy27OLEDpy4py6B2/HIYdneA=",
        "owner": "NixOS",
        "repo": "nixpkgs",
        "rev": "b4c0a4370ea1afc0696650c32005253f550a31d0",
        "type": "github"
      },
      "original": {
        "owner": "NixOS",
        "ref": "nixos-unstable-small",
        "repo": "nixpkgs",
        "type": "github"
      }
    },
    "nixpkgs_2": {
      "locked": {
        "lastModified": 1676549890,
        "narHash": "sha256-sq/WcOEAl7gWrrfGkWdnyYazRyTf+enEim/o6LOQzI8=",
        "owner": "nixos",
        "repo": "nixpkgs",
        "rev": "8c66bd1b68f4708c90dcc97c6f7052a5a7b33257",
        "type": "github"
      },
      "original": {
        "owner": "nixos",
        "ref": "nixpkgs-unstable",
        "repo": "nixpkgs",
        "type": "github"
      }
    },
    "nvfetcher": {
      "inputs": {
        "flake-compat": "flake-compat_2",
        "flake-utils": [
          "flake-utils"
        ],
        "nixpkgs": [
          "nixpkgs"
        ]
      },
      "locked": {
        "lastModified": 1687440270,
        "narHash": "sha256-aOAXvfVn+MBSkU+xlQEiyoGpRaF6NvQdpWIhw5OH/Dc=",
        "owner": "berberman",
        "repo": "nvfetcher",
        "rev": "44196458acc2c28c32e456c50277d6148e71e708",
        "type": "github"
      },
      "original": {
        "owner": "berberman",
        "repo": "nvfetcher",
        "type": "github"
      }
    },
    "orangepi-3-lts-nixos": {
      "inputs": {
        "nixpkgs": "nixpkgs_2"
      },
      "locked": {
        "lastModified": 1681906794,
        "narHash": "sha256-cHZvTSqgGXf5kpRi4wCqLKpm5XcSPTj76KIdKFAVgg4=",
        "owner": "highsunz",
        "repo": "orangepi-3-lts-nixos",
        "rev": "edb4d65795192fa41b1104ac42b97c2468a1ae9d",
        "type": "gitlab"
      },
      "original": {
        "owner": "highsunz",
        "repo": "orangepi-3-lts-nixos",
        "type": "gitlab"
      }
    },
    "root": {
      "inputs": {
        "acremote": "acremote",
        "adrivems": "adrivems",
        "carinae": "carinae",
        "colmena": "colmena",
        "dcompass": "dcompass",
        "flake-utils": "flake-utils",
        "home-manager": "home-manager",
        "hypr-msg-handler": "hypr-msg-handler",
        "hyprland": "hyprland",
        "hyprpaper": "hyprpaper",
        "nix-index-db": "nix-index-db",
        "nixgl": "nixgl",
        "nixos-generators": "nixos-generators",
        "nixpkgs": "nixpkgs",
        "nvfetcher": "nvfetcher",
        "orangepi-3-lts-nixos": "orangepi-3-lts-nixos",
        "rust-overlay": "rust-overlay",
        "sops-nix": "sops-nix",
        "tex2nix": "tex2nix"
      }
    },
    "rust-overlay": {
      "inputs": {
        "flake-utils": [
          "flake-utils"
        ],
        "nixpkgs": [
          "nixpkgs"
        ]
      },
      "locked": {
        "lastModified": 1689561325,
        "narHash": "sha256-+UABrHUXtWJSc9mM7oEKPIYQEhTzUVVNy2IPG9Lfrj0=",
        "owner": "oxalica",
        "repo": "rust-overlay",
        "rev": "d8a38aea13c67dc2ce10cff93eb274dcf455753f",
        "type": "github"
      },
      "original": {
        "owner": "oxalica",
        "repo": "rust-overlay",
        "type": "github"
      }
    },
    "sops-nix": {
      "inputs": {
        "nixpkgs": [
          "nixpkgs"
        ],
        "nixpkgs-stable": [
          "nixpkgs"
        ]
      },
      "locked": {
        "lastModified": 1689534977,
        "narHash": "sha256-EB4hasmjKgetTR0My2bS5AwELZFIQ4zANLqHKi7aVXg=",
        "owner": "Mic92",
        "repo": "sops-nix",
        "rev": "bd695cc4d0a5e1bead703cc1bec5fa3094820a81",
        "type": "github"
      },
      "original": {
        "owner": "Mic92",
        "repo": "sops-nix",
        "type": "github"
      }
    },
    "systems": {
      "locked": {
        "lastModified": 1681028828,
        "narHash": "sha256-Vy1rq5AaRuLzOxct8nz4T6wlgyUR7zLU309k9mBC768=",
        "owner": "nix-systems",
        "repo": "default",
        "rev": "da67096a3b9bf56a91d16901293e51ba5b49a27e",
        "type": "github"
      },
      "original": {
        "owner": "nix-systems",
        "repo": "default",
        "type": "github"
      }
    },
    "tex2nix": {
      "inputs": {
        "flake-utils": [
          "flake-utils"
        ],
        "nixpkgs": [
          "nixpkgs"
        ]
      },
      "locked": {
        "lastModified": 1685435128,
        "narHash": "sha256-C8+M0SDBAoOwNqRG/Wcby5JvgIJtjdk0uvUcEczhfOU=",
        "owner": "Mic92",
        "repo": "tex2nix",
        "rev": "48fd7453cefe4f6094b0b96ab226bd62ce00402b",
        "type": "github"
      },
      "original": {
        "owner": "Mic92",
        "repo": "tex2nix",
        "type": "github"
      }
    },
    "wlroots": {
      "flake": false,
      "locked": {
        "host": "gitlab.freedesktop.org",
        "lastModified": 1686753331,
        "narHash": "sha256-KovjVFwcuoUO0eu/UiWrnD3+m/K+SHSAVIz4xF9K1XA=",
        "owner": "wlroots",
        "repo": "wlroots",
        "rev": "7e7633abf09b362d0bad9e3fc650fd692369291d",
        "type": "gitlab"
      },
      "original": {
        "host": "gitlab.freedesktop.org",
        "owner": "wlroots",
        "repo": "wlroots",
        "type": "gitlab"
      }
    },
    "xdph": {
      "inputs": {
        "hyprland-protocols": [
          "hyprland",
          "hyprland-protocols"
        ],
        "nixpkgs": [
          "hyprland",
          "nixpkgs"
        ]
      },
      "locked": {
        "lastModified": 1685385764,
        "narHash": "sha256-r+XMyOoRXq+hlfjayb+fyi9kq2JK48TrwuNIAXqlj7U=",
        "owner": "hyprwm",
        "repo": "xdg-desktop-portal-hyprland",
        "rev": "4d9ff0c17716936e0b5ca577a39e263633901ed1",
        "type": "github"
      },
      "original": {
        "owner": "hyprwm",
        "repo": "xdg-desktop-portal-hyprland",
        "type": "github"
      }
    }
  },
  "root": "root",
  "version": 7
}
